
Microsoft Visual Studio Solution File, Format Version 12.00
# Visual Studio 15
VisualStudioVersion = 15.0.26730.12
MinimumVisualStudioVersion = 10.0.40219.1
Project("{FAE04EC0-301F-11D3-BF4B-00C04F79EFBC}") = "GPSConvert", "GPSConvert\GPSConvert.csproj", "{04279795-9EE5-4D5F-919D-F691800BACE1}"
EndProject
Global
	GlobalSection(SolutionConfigurationPlatforms) = preSolution
		Debug|Any CPU = Debug|Any CPU
		Release|Any CPU = Release|Any CPU
	EndGlobalSection
	GlobalSection(ProjectConfigurationPlatforms) = postSolution
		{04279795-9EE5-4D5F-919D-F691800BACE1}.Debug|Any CPU.ActiveCfg = Debug|Any CPU
		{04279795-9EE5-4D5F-919D-F691800BACE1}.Debug|Any CPU.Build.0 = Debug|Any CPU
		{04279795-9EE5-4D5F-919D-F691800BACE1}.Release|Any CPU.ActiveCfg = Release|Any CPU
		{04279795-9EE5-4D5F-919D-F691800BACE1}.Release|Any CPU.Build.0 = Release|Any CPU
	EndGlobalSection
	GlobalSection(SolutionProperties) = preSolution
		HideSolutionNode = FALSE
	EndGlobalSection
	GlobalSection(ExtensibilityGlobals) = postSolution
		SolutionGuid = {52A57F2C-C03E-484D-B2F8-4DD9F53E5A35}
	EndGlobalSection
EndGlobal
